
Microsoft Visual Studio Solution File, Format Version 12.00
# Visual Studio Version 16
VisualStudioVersion = 16.0.30225.117
MinimumVisualStudioVersion = 10.0.40219.1
Project("{FAE04EC0-301F-11D3-BF4B-00C04F79EFBC}") = "HelloWorldApp", "HelloWorldApp\HelloWorldApp.csproj", "{686AC585-52D2-40CD-8A59-D45A4F20F9CB}"
EndProject
Global
	GlobalSection(SolutionConfigurationPlatforms) = preSolution
		Debug|Any CPU = Debug|Any CPU
		Release|Any CPU = Release|Any CPU
	EndGlobalSection
	GlobalSection(ProjectConfigurationPlatforms) = postSolution
		{686AC585-52D2-40CD-8A59-D45A4F20F9CB}.Debug|Any CPU.ActiveCfg = Debug|Any CPU
		{686AC585-52D2-40CD-8A59-D45A4F20F9CB}.Debug|Any CPU.Build.0 = Debug|Any CPU
		{686AC585-52D2-40CD-8A59-D45A4F20F9CB}.Release|Any CPU.ActiveCfg = Release|Any CPU
		{686AC585-52D2-40CD-8A59-D45A4F20F9CB}.Release|Any CPU.Build.0 = Release|Any CPU
	EndGlobalSection
	GlobalSection(SolutionProperties) = preSolution
		HideSolutionNode = FALSE
	EndGlobalSection
	GlobalSection(ExtensibilityGlobals) = postSolution
		SolutionGuid = {9E96603F-DF09-4F61-9398-0B4735768124}
	EndGlobalSection
EndGlobal
